
Microsoft Visual Studio Solution File, Format Version 12.00
# Visual Studio 2012
Project("{FAE04EC0-301F-11D3-BF4B-00C04F79EFBC}") = "JumbleGame", "JumbleGame\JumbleGame.csproj", "{27C4979A-048E-4CE6-9217-9AF03DDDF5E0}"
EndProject
Global
	GlobalSection(SolutionConfigurationPlatforms) = preSolution
		Debug|Any CPU = Debug|Any CPU
		Release|Any CPU = Release|Any CPU
	EndGlobalSection
	GlobalSection(ProjectConfigurationPlatforms) = postSolution
		{27C4979A-048E-4CE6-9217-9AF03DDDF5E0}.Debug|Any CPU.ActiveCfg = Debug|Any CPU
		{27C4979A-048E-4CE6-9217-9AF03DDDF5E0}.Debug|Any CPU.Build.0 = Debug|Any CPU
		{27C4979A-048E-4CE6-9217-9AF03DDDF5E0}.Release|Any CPU.ActiveCfg = Release|Any CPU
		{27C4979A-048E-4CE6-9217-9AF03DDDF5E0}.Release|Any CPU.Build.0 = Release|Any CPU
	EndGlobalSection
	GlobalSection(SolutionProperties) = preSolution
		HideSolutionNode = FALSE
	EndGlobalSection
EndGlobal
